// !$*UTF8*$!
{
	archiveVersion = 1;
	classes = {
	};
	objectVersion = 46;
	objects = {

/* Begin PBXBuildFile section */
		0C2520C51EC6AC0A00A03400 /* MainScene.swift in Sources */ = {isa = PBXBuildFile; fileRef = 0C2520C41EC6AC0A00A03400 /* MainScene.swift */; };
		0C2520C71ECB63E200A03400 /* HUD.swift in Sources */ = {isa = PBXBuildFile; fileRef = 0C2520C61ECB63E200A03400 /* HUD.swift */; };
		0CB5F6ED1EC03D5200D30610 /* particle.png in Resources */ = {isa = PBXBuildFile; fileRef = 0CB5F6EC1EC03D5200D30610 /* particle.png */; };
		0CEA36031EC2B5BE00AEA381 /* BGM in Resources */ = {isa = PBXBuildFile; fileRef = 0CEA36001EC2B5BE00AEA381 /* BGM */; };
		0CEA36041EC2B5BE00AEA381 /* images.atlas in Resources */ = {isa = PBXBuildFile; fileRef = 0CEA36011EC2B5BE00AEA381 /* images.atlas */; };
		0CEA36051EC2B5BE00AEA381 /* SoundEffects in Resources */ = {isa = PBXBuildFile; fileRef = 0CEA36021EC2B5BE00AEA381 /* SoundEffects */; };
		F112A6F81E0EA2B000A5DEE9 /* EndGame.swift in Sources */ = {isa = PBXBuildFile; fileRef = F112A6F71E0EA2B000A5DEE9 /* EndGame.swift */; };
		F112A7001E11FA5B00A5DEE9 /* userinfo.plist in Resources */ = {isa = PBXBuildFile; fileRef = F112A6FF1E11FA5B00A5DEE9 /* userinfo.plist */; };
		F112A7041E1295A000A5DEE9 /* backgrounds in Resources */ = {isa = PBXBuildFile; fileRef = F112A7031E1295A000A5DEE9 /* backgrounds */; };
		F112A7081E16702600A5DEE9 /* Structs.swift in Sources */ = {isa = PBXBuildFile; fileRef = F112A7071E16702500A5DEE9 /* Structs.swift */; };
		F112A70A1E16705300A5DEE9 /* Extensions.swift in Sources */ = {isa = PBXBuildFile; fileRef = F112A7091E16705300A5DEE9 /* Extensions.swift */; };
		F142C7E21E18A19B00A62E7B /* Enemy.swift in Sources */ = {isa = PBXBuildFile; fileRef = F142C7E11E18A19B00A62E7B /* Enemy.swift */; };
		F14622001E1CD57500D36A37 /* AccountInfo.swift in Sources */ = {isa = PBXBuildFile; fileRef = F14621FF1E1CD57500D36A37 /* AccountInfo.swift */; };
		F14622021E1CD5DB00D36A37 /* Toon.swift in Sources */ = {isa = PBXBuildFile; fileRef = F14622011E1CD5DB00D36A37 /* Toon.swift */; };
		F16A64601E0C96A000BC8255 /* AppDelegate.swift in Sources */ = {isa = PBXBuildFile; fileRef = F16A645F1E0C96A000BC8255 /* AppDelegate.swift */; };
		F16A64621E0C96A000BC8255 /* ViewController.swift in Sources */ = {isa = PBXBuildFile; fileRef = F16A64611E0C96A000BC8255 /* ViewController.swift */; };
		F16A64671E0C96A000BC8255 /* Assets.xcassets in Resources */ = {isa = PBXBuildFile; fileRef = F16A64661E0C96A000BC8255 /* Assets.xcassets */; };
		F16A646A1E0C96A000BC8255 /* LaunchScreen.storyboard in Resources */ = {isa = PBXBuildFile; fileRef = F16A64681E0C96A000BC8255 /* LaunchScreen.storyboard */; };
		F16A64721E0C97BF00BC8255 /* StartGame.swift in Sources */ = {isa = PBXBuildFile; fileRef = F16A64711E0C97BF00BC8255 /* StartGame.swift */; };
		F16A64791E0CA31700BC8255 /* Main.storyboard in Resources */ = {isa = PBXBuildFile; fileRef = F16A64771E0CA31700BC8255 /* Main.storyboard */; };
		F16A647B1E0CB74000BC8255 /* Classes.swift in Sources */ = {isa = PBXBuildFile; fileRef = F16A647A1E0CB74000BC8255 /* Classes.swift */; };
		F16A647D1E0CD1BB00BC8255 /* bullet.png in Resources */ = {isa = PBXBuildFile; fileRef = F16A647C1E0CD1BB00BC8255 /* bullet.png */; };
/* End PBXBuildFile section */

/* Begin PBXFileReference section */
		0C2520C41EC6AC0A00A03400 /* MainScene.swift */ = {isa = PBXFileReference; fileEncoding = 4; lastKnownFileType = sourcecode.swift; path = MainScene.swift; sourceTree = "<group>"; };
		0C2520C61ECB63E200A03400 /* HUD.swift */ = {isa = PBXFileReference; fileEncoding = 4; lastKnownFileType = sourcecode.swift; path = HUD.swift; sourceTree = "<group>"; };
		0CB5F6EC1EC03D5200D30610 /* particle.png */ = {isa = PBXFileReference; lastKnownFileType = image.png; path = particle.png; sourceTree = "<group>"; };
		0CEA36001EC2B5BE00AEA381 /* BGM */ = {isa = PBXFileReference; lastKnownFileType = folder; path = BGM; sourceTree = "<group>"; };
		0CEA36011EC2B5BE00AEA381 /* images.atlas */ = {isa = PBXFileReference; lastKnownFileType = folder.skatlas; path = images.atlas; sourceTree = "<group>"; };
		0CEA36021EC2B5BE00AEA381 /* SoundEffects */ = {isa = PBXFileReference; lastKnownFileType = folder; path = SoundEffects; sourceTree = "<group>"; };
		F112A6F71E0EA2B000A5DEE9 /* EndGame.swift */ = {isa = PBXFileReference; fileEncoding = 4; lastKnownFileType = sourcecode.swift; path = EndGame.swift; sourceTree = "<group>"; };
		F112A6FF1E11FA5B00A5DEE9 /* userinfo.plist */ = {isa = PBXFileReference; fileEncoding = 4; lastKnownFileType = text.plist.xml; name = userinfo.plist; path = ../userinfo.plist; sourceTree = "<group>"; };
		F112A7031E1295A000A5DEE9 /* backgrounds */ = {isa = PBXFileReference; lastKnownFileType = folder; path = backgrounds; sourceTree = "<group>"; };
		F112A7071E16702500A5DEE9 /* Structs.swift */ = {isa = PBXFileReference; fileEncoding = 4; lastKnownFileType = sourcecode.swift; path = Structs.swift; sourceTree = "<group>"; };
		F112A7091E16705300A5DEE9 /* Extensions.swift */ = {isa = PBXFileReference; fileEncoding = 4; lastKnownFileType = sourcecode.swift; path = Extensions.swift; sourceTree = "<group>"; };
		F142C7E11E18A19B00A62E7B /* Enemy.swift */ = {isa = PBXFileReference; fileEncoding = 4; lastKnownFileType = sourcecode.swift; path = Enemy.swift; sourceTree = "<group>"; };
		F14621FF1E1CD57500D36A37 /* AccountInfo.swift */ = {isa = PBXFileReference; fileEncoding = 4; lastKnownFileType = sourcecode.swift; path = AccountInfo.swift; sourceTree = "<group>"; };
		F14622011E1CD5DB00D36A37 /* Toon.swift */ = {isa = PBXFileReference; fileEncoding = 4; lastKnownFileType = sourcecode.swift; path = Toon.swift; sourceTree = "<group>"; };
		F16A645C1E0C96A000BC8255 /* Angelica Fighti.app */ = {isa = PBXFileReference; explicitFileType = wrapper.application; includeInIndex = 0; path = "Angelica Fighti.app"; sourceTree = BUILT_PRODUCTS_DIR; };
		F16A645F1E0C96A000BC8255 /* AppDelegate.swift */ = {isa = PBXFileReference; lastKnownFileType = sourcecode.swift; path = AppDelegate.swift; sourceTree = "<group>"; };
		F16A64611E0C96A000BC8255 /* ViewController.swift */ = {isa = PBXFileReference; lastKnownFileType = sourcecode.swift; path = ViewController.swift; sourceTree = "<group>"; };
		F16A64661E0C96A000BC8255 /* Assets.xcassets */ = {isa = PBXFileReference; lastKnownFileType = folder.assetcatalog; path = Assets.xcassets; sourceTree = "<group>"; };
		F16A64691E0C96A000BC8255 /* Base */ = {isa = PBXFileReference; lastKnownFileType = file.storyboard; name = Base; path = Base.lproj/LaunchScreen.storyboard; sourceTree = "<group>"; };
		F16A646B1E0C96A000BC8255 /* Info.plist */ = {isa = PBXFileReference; lastKnownFileType = text.plist.xml; path = Info.plist; sourceTree = "<group>"; };
		F16A64711E0C97BF00BC8255 /* StartGame.swift */ = {isa = PBXFileReference; fileEncoding = 4; lastKnownFileType = sourcecode.swift; path = StartGame.swift; sourceTree = "<group>"; };
		F16A64781E0CA31700BC8255 /* Base */ = {isa = PBXFileReference; lastKnownFileType = file.storyboard; name = Base; path = Base.lproj/Main.storyboard; sourceTree = "<group>"; };
		F16A647A1E0CB74000BC8255 /* Classes.swift */ = {isa = PBXFileReference; fileEncoding = 4; lastKnownFileType = sourcecode.swift; path = Classes.swift; sourceTree = "<group>"; };
		F16A647C1E0CD1BB00BC8255 /* bullet.png */ = {isa = PBXFileReference; lastKnownFileType = image.png; path = bullet.png; sourceTree = "<group>"; };
/* End PBXFileReference section */

/* Begin PBXFrameworksBuildPhase section */
		F16A64591E0C96A000BC8255 /* Frameworks */ = {
			isa = PBXFrameworksBuildPhase;
			buildActionMask = 2147483647;
			files = (
			);
			runOnlyForDeploymentPostprocessing = 0;
		};
/* End PBXFrameworksBuildPhase section */

/* Begin PBXGroup section */
		0CEA35F51EC2B56F00AEA381 /* Resources */ = {
			isa = PBXGroup;
			children = (
				0CEA36001EC2B5BE00AEA381 /* BGM */,
				0CEA36011EC2B5BE00AEA381 /* images.atlas */,
				0CEA36021EC2B5BE00AEA381 /* SoundEffects */,
			);
			path = Resources;
			sourceTree = "<group>";
		};
		F16A64531E0C969F00BC8255 = {
			isa = PBXGroup;
			children = (
				F16A645E1E0C96A000BC8255 /* Angelica Fighti */,
				F16A645D1E0C96A000BC8255 /* Products */,
			);
			sourceTree = "<group>";
		};
		F16A645D1E0C96A000BC8255 /* Products */ = {
			isa = PBXGroup;
			children = (
				F16A645C1E0C96A000BC8255 /* Angelica Fighti.app */,
			);
			name = Products;
			sourceTree = "<group>";
		};
		F16A645E1E0C96A000BC8255 /* Angelica Fighti */ = {
			isa = PBXGroup;
			children = (
				0CEA35F51EC2B56F00AEA381 /* Resources */,
				0CB5F6EC1EC03D5200D30610 /* particle.png */,
				F112A7031E1295A000A5DEE9 /* backgrounds */,
				F16A647C1E0CD1BB00BC8255 /* bullet.png */,
				F16A64771E0CA31700BC8255 /* Main.storyboard */,
				F16A645F1E0C96A000BC8255 /* AppDelegate.swift */,
				F16A64611E0C96A000BC8255 /* ViewController.swift */,
				0C2520C41EC6AC0A00A03400 /* MainScene.swift */,
				F16A64711E0C97BF00BC8255 /* StartGame.swift */,
				0C2520C61ECB63E200A03400 /* HUD.swift */,
				F112A6F71E0EA2B000A5DEE9 /* EndGame.swift */,
				F16A647A1E0CB74000BC8255 /* Classes.swift */,
				F14621FF1E1CD57500D36A37 /* AccountInfo.swift */,
				F14622011E1CD5DB00D36A37 /* Toon.swift */,
				F142C7E11E18A19B00A62E7B /* Enemy.swift */,
				F112A7071E16702500A5DEE9 /* Structs.swift */,
				F112A7091E16705300A5DEE9 /* Extensions.swift */,
				F16A64661E0C96A000BC8255 /* Assets.xcassets */,
				F16A64681E0C96A000BC8255 /* LaunchScreen.storyboard */,
				F16A646B1E0C96A000BC8255 /* Info.plist */,
				F112A6FF1E11FA5B00A5DEE9 /* userinfo.plist */,
			);
			path = "Angelica Fighti";
			sourceTree = "<group>";
		};
/* End PBXGroup section */

/* Begin PBXNativeTarget section */
		F16A645B1E0C96A000BC8255 /* Angelica Fighti */ = {
			isa = PBXNativeTarget;
			buildConfigurationList = F16A646E1E0C96A000BC8255 /* Build configuration list for PBXNativeTarget "Angelica Fighti" */;
			buildPhases = (
				F16A64581E0C96A000BC8255 /* Sources */,
				F16A64591E0C96A000BC8255 /* Frameworks */,
				F16A645A1E0C96A000BC8255 /* Resources */,
			);
			buildRules = (
			);
			dependencies = (
			);
			name = "Angelica Fighti";
			productName = "Angelica Fighti";
			productReference = F16A645C1E0C96A000BC8255 /* Angelica Fighti.app */;
			productType = "com.apple.product-type.application";
		};
/* End PBXNativeTarget section */

/* Begin PBXProject section */
		F16A64541E0C969F00BC8255 /* Project object */ = {
			isa = PBXProject;
			attributes = {
				LastSwiftUpdateCheck = 0810;
				LastUpgradeCheck = 0820;
				ORGANIZATIONNAME = Wong;
				TargetAttributes = {
					F16A645B1E0C96A000BC8255 = {
						CreatedOnToolsVersion = 8.1;
						DevelopmentTeam = 96342UP57T;
						ProvisioningStyle = Automatic;
					};
				};
			};
			buildConfigurationList = F16A64571E0C969F00BC8255 /* Build configuration list for PBXProject "Angelica Fighti" */;
			compatibilityVersion = "Xcode 3.2";
			developmentRegion = English;
			hasScannedForEncodings = 0;
			knownRegions = (
				en,
				Base,
			);
			mainGroup = F16A64531E0C969F00BC8255;
			productRefGroup = F16A645D1E0C96A000BC8255 /* Products */;
			projectDirPath = "";
			projectRoot = "";
			targets = (
				F16A645B1E0C96A000BC8255 /* Angelica Fighti */,
			);
		};
/* End PBXProject section */

/* Begin PBXResourcesBuildPhase section */
		F16A645A1E0C96A000BC8255 /* Resources */ = {
			isa = PBXResourcesBuildPhase;
			buildActionMask = 2147483647;
			files = (
				F16A646A1E0C96A000BC8255 /* LaunchScreen.storyboard in Resources */,
				0CEA36031EC2B5BE00AEA381 /* BGM in Resources */,
				F16A64671E0C96A000BC8255 /* Assets.xcassets in Resources */,
				0CB5F6ED1EC03D5200D30610 /* particle.png in Resources */,
				0CEA36041EC2B5BE00AEA381 /* images.atlas in Resources */,
				0CEA36051EC2B5BE00AEA381 /* SoundEffects in Resources */,
				F112A7041E1295A000A5DEE9 /* backgrounds in Resources */,
				F112A7001E11FA5B00A5DEE9 /* userinfo.plist in Resources */,
				F16A647D1E0CD1BB00BC8255 /* bullet.png in Resources */,
				F16A64791E0CA31700BC8255 /* Main.storyboard in Resources */,
			);
			runOnlyForDeploymentPostprocessing = 0;
		};
/* End PBXResourcesBuildPhase section */

/* Begin PBXSourcesBuildPhase section */
		F16A64581E0C96A000BC8255 /* Sources */ = {
			isa = PBXSourcesBuildPhase;
			buildActionMask = 2147483647;
			files = (
				F112A7081E16702600A5DEE9 /* Structs.swift in Sources */,
				0C2520C51EC6AC0A00A03400 /* MainScene.swift in Sources */,
				F16A64621E0C96A000BC8255 /* ViewController.swift in Sources */,
				F16A64721E0C97BF00BC8255 /* StartGame.swift in Sources */,
				F14622021E1CD5DB00D36A37 /* Toon.swift in Sources */,
				F16A647B1E0CB74000BC8255 /* Classes.swift in Sources */,
				F142C7E21E18A19B00A62E7B /* Enemy.swift in Sources */,
				F16A64601E0C96A000BC8255 /* AppDelegate.swift in Sources */,
				F112A6F81E0EA2B000A5DEE9 /* EndGame.swift in Sources */,
				0C2520C71ECB63E200A03400 /* HUD.swift in Sources */,
				F112A70A1E16705300A5DEE9 /* Extensions.swift in Sources */,
				F14622001E1CD57500D36A37 /* AccountInfo.swift in Sources */,
			);
			runOnlyForDeploymentPostprocessing = 0;
		};
/* End PBXSourcesBuildPhase section */

/* Begin PBXVariantGroup section */
		F16A64681E0C96A000BC8255 /* LaunchScreen.storyboard */ = {
			isa = PBXVariantGroup;
			children = (
				F16A64691E0C96A000BC8255 /* Base */,
			);
			name = LaunchScreen.storyboard;
			sourceTree = "<group>";
		};
		F16A64771E0CA31700BC8255 /* Main.storyboard */ = {
			isa = PBXVariantGroup;
			children = (
				F16A64781E0CA31700BC8255 /* Base */,
			);
			name = Main.storyboard;
			sourceTree = "<group>";
		};
/* End PBXVariantGroup section */

/* Begin XCBuildConfiguration section */
		F16A646C1E0C96A000BC8255 /* Debug */ = {
			isa = XCBuildConfiguration;
			buildSettings = {
				ALWAYS_SEARCH_USER_PATHS = NO;
				CLANG_ANALYZER_NONNULL = YES;
				CLANG_CXX_LANGUAGE_STANDARD = "gnu++0x";
				CLANG_CXX_LIBRARY = "libc++";
				CLANG_ENABLE_MODULES = YES;
				CLANG_ENABLE_OBJC_ARC = YES;
				CLANG_WARN_BOOL_CONVERSION = YES;
				CLANG_WARN_CONSTANT_CONVERSION = YES;
				CLANG_WARN_DIRECT_OBJC_ISA_USAGE = YES_ERROR;
				CLANG_WARN_DOCUMENTATION_COMMENTS = YES;
				CLANG_WARN_EMPTY_BODY = YES;
				CLANG_WARN_ENUM_CONVERSION = YES;
				CLANG_WARN_INFINITE_RECURSION = YES;
				CLANG_WARN_INT_CONVERSION = YES;
				CLANG_WARN_OBJC_ROOT_CLASS = YES_ERROR;
				CLANG_WARN_SUSPICIOUS_MOVE = YES;
				CLANG_WARN_SUSPICIOUS_MOVES = YES;
				CLANG_WARN_UNREACHABLE_CODE = YES;
				CLANG_WARN__DUPLICATE_METHOD_MATCH = YES;
				CODE_SIGN_IDENTITY = "iPhone Developer";
				"CODE_SIGN_IDENTITY[sdk=iphoneos*]" = "iPhone Developer";
				COPY_PHASE_STRIP = NO;
				DEBUG_INFORMATION_FORMAT = dwarf;
				DEVELOPMENT_TEAM = 96342UP57T;
				ENABLE_STRICT_OBJC_MSGSEND = YES;
				ENABLE_TESTABILITY = YES;
				GCC_C_LANGUAGE_STANDARD = gnu99;
				GCC_DYNAMIC_NO_PIC = NO;
				GCC_NO_COMMON_BLOCKS = YES;
				GCC_OPTIMIZATION_LEVEL = 0;
				GCC_PREPROCESSOR_DEFINITIONS = (
					"DEBUG=1",
					"$(inherited)",
				);
				GCC_WARN_64_TO_32_BIT_CONVERSION = YES;
				GCC_WARN_ABOUT_RETURN_TYPE = YES_ERROR;
				GCC_WARN_UNDECLARED_SELECTOR = YES;
				GCC_WARN_UNINITIALIZED_AUTOS = YES_AGGRESSIVE;
				GCC_WARN_UNUSED_FUNCTION = YES;
				GCC_WARN_UNUSED_VARIABLE = YES;
				IPHONEOS_DEPLOYMENT_TARGET = 10.3;
				MTL_ENABLE_DEBUG_INFO = YES;
				ONLY_ACTIVE_ARCH = YES;
				SDKROOT = iphoneos;
				SWIFT_ACTIVE_COMPILATION_CONDITIONS = DEBUG;
				SWIFT_OPTIMIZATION_LEVEL = "-Onone";
			};
			name = Debug;
		};
		F16A646D1E0C96A000BC8255 /* Release */ = {
			isa = XCBuildConfiguration;
			buildSettings = {
				ALWAYS_SEARCH_USER_PATHS = NO;
				CLANG_ANALYZER_NONNULL = YES;
				CLANG_CXX_LANGUAGE_STANDARD = "gnu++0x";
				CLANG_CXX_LIBRARY = "libc++";
				CLANG_ENABLE_MODULES = YES;
				CLANG_ENABLE_OBJC_ARC = YES;
				CLANG_WARN_BOOL_CONVERSION = YES;
				CLANG_WARN_CONSTANT_CONVERSION = YES;
				CLANG_WARN_DIRECT_OBJC_ISA_USAGE = YES_ERROR;
				CLANG_WARN_DOCUMENTATION_COMMENTS = YES;
				CLANG_WARN_EMPTY_BODY = YES;
				CLANG_WARN_ENUM_CONVERSION = YES;
				CLANG_WARN_INFINITE_RECURSION = YES;
				CLANG_WARN_INT_CONVERSION = YES;
				CLANG_WARN_OBJC_ROOT_CLASS = YES_ERROR;
				CLANG_WARN_SUSPICIOUS_MOVE = YES;
				CLANG_WARN_SUSPICIOUS_MOVES = YES;
				CLANG_WARN_UNREACHABLE_CODE = YES;
				CLANG_WARN__DUPLICATE_METHOD_MATCH = YES;
				CODE_SIGN_IDENTITY = "iPhone Distribution";
				"CODE_SIGN_IDENTITY[sdk=iphoneos*]" = "iPhone Distribution";
				COPY_PHASE_STRIP = NO;
				DEBUG_INFORMATION_FORMAT = "dwarf-with-dsym";
				DEVELOPMENT_TEAM = 96342UP57T;
				ENABLE_NS_ASSERTIONS = NO;
				ENABLE_STRICT_OBJC_MSGSEND = YES;
				GCC_C_LANGUAGE_STANDARD = gnu99;
				GCC_NO_COMMON_BLOCKS = YES;
				GCC_WARN_64_TO_32_BIT_CONVERSION = YES;
				GCC_WARN_ABOUT_RETURN_TYPE = YES_ERROR;
				GCC_WARN_UNDECLARED_SELECTOR = YES;
				GCC_WARN_UNINITIALIZED_AUTOS = YES_AGGRESSIVE;
				GCC_WARN_UNUSED_FUNCTION = YES;
				GCC_WARN_UNUSED_VARIABLE = YES;
				IPHONEOS_DEPLOYMENT_TARGET = 10.3;
				MTL_ENABLE_DEBUG_INFO = NO;
				SDKROOT = iphoneos;
				SWIFT_OPTIMIZATION_LEVEL = "-Owholemodule";
				VALIDATE_PRODUCT = YES;
			};
			name = Release;
		};
		F16A646F1E0C96A000BC8255 /* Debug */ = {
			isa = XCBuildConfiguration;
			buildSettings = {
				ASSETCATALOG_COMPILER_APPICON_NAME = AppIcon;
				CODE_SIGN_IDENTITY = "iPhone Developer";
				"CODE_SIGN_IDENTITY[sdk=iphoneos*]" = "iPhone Developer";
				DEVELOPMENT_TEAM = 96342UP57T;
				INFOPLIST_FILE = "Angelica Fighti/Info.plist";
				LD_RUNPATH_SEARCH_PATHS = "$(inherited) @executable_path/Frameworks";
				PRODUCT_BUNDLE_IDENTIFIER = "WongFamily.Angelica-Fighti";
				PRODUCT_NAME = "$(TARGET_NAME)";
				PROVISIONING_PROFILE_SPECIFIER = "";
				SWIFT_VERSION = 3.0;
			};
			name = Debug;
		};
		F16A64701E0C96A000BC8255 /* Release */ = {
			isa = XCBuildConfiguration;
			buildSettings = {
				ASSETCATALOG_COMPILER_APPICON_NAME = AppIcon;
				CODE_SIGN_IDENTITY = "iPhone Developer";
				"CODE_SIGN_IDENTITY[sdk=iphoneos*]" = "iPhone Developer";
				DEVELOPMENT_TEAM = 96342UP57T;
				INFOPLIST_FILE = "Angelica Fighti/Info.plist";
				LD_RUNPATH_SEARCH_PATHS = "$(inherited) @executable_path/Frameworks";
				PRODUCT_BUNDLE_IDENTIFIER = "WongFamily.Angelica-Fighti";
				PRODUCT_NAME = "$(TARGET_NAME)";
				PROVISIONING_PROFILE_SPECIFIER = "";
				SWIFT_VERSION = 3.0;
			};
			name = Release;
		};
/* End XCBuildConfiguration section */

/* Begin XCConfigurationList section */
		F16A64571E0C969F00BC8255 /* Build configuration list for PBXProject "Angelica Fighti" */ = {
			isa = XCConfigurationList;
			buildConfigurations = (
				F16A646C1E0C96A000BC8255 /* Debug */,
				F16A646D1E0C96A000BC8255 /* Release */,
			);
			defaultConfigurationIsVisible = 0;
			defaultConfigurationName = Debug;
		};
		F16A646E1E0C96A000BC8255 /* Build configuration list for PBXNativeTarget "Angelica Fighti" */ = {
			isa = XCConfigurationList;
			buildConfigurations = (
				F16A646F1E0C96A000BC8255 /* Debug */,
				F16A64701E0C96A000BC8255 /* Release */,
			);
			defaultConfigurationIsVisible = 0;
			defaultConfigurationName = Debug;
		};
/* End XCConfigurationList section */
	};
	rootObject = F16A64541E0C969F00BC8255 /* Project object */;
}
